
Microsoft Visual Studio Solution File, Format Version 12.00
# Visual Studio Version 17
VisualStudioVersion = 17.11.35312.102
MinimumVisualStudioVersion = 10.0.40219.1
Project("{FAE04EC0-301F-11D3-BF4B-00C04F79EFBC}") = "WPFtaakAlexander", "WPFtaakAlexander\WPFtaakAlexander.csproj", "{94EE8490-B737-4890-AE74-95E7174A5885}"
EndProject
Global
	GlobalSection(SolutionConfigurationPlatforms) = preSolution
		Debug|Any CPU = Debug|Any CPU
		Release|Any CPU = Release|Any CPU
	EndGlobalSection
	GlobalSection(ProjectConfigurationPlatforms) = postSolution
		{94EE8490-B737-4890-AE74-95E7174A5885}.Debug|Any CPU.ActiveCfg = Debug|Any CPU
		{94EE8490-B737-4890-AE74-95E7174A5885}.Debug|Any CPU.Build.0 = Debug|Any CPU
		{94EE8490-B737-4890-AE74-95E7174A5885}.Release|Any CPU.ActiveCfg = Release|Any CPU
		{94EE8490-B737-4890-AE74-95E7174A5885}.Release|Any CPU.Build.0 = Release|Any CPU
	EndGlobalSection
	GlobalSection(SolutionProperties) = preSolution
		HideSolutionNode = FALSE
	EndGlobalSection
	GlobalSection(ExtensibilityGlobals) = postSolution
		SolutionGuid = {505350DB-090D-4875-9290-FD1F2EDF5B39}
	EndGlobalSection
EndGlobal
